# This file is generated by running "yarn install" inside your project.
# Manual changes might be lost - proceed with caution!

__metadata:
  version: 8
  cacheKey: 10c0

"bootstrap@npm:^5.3.6":
  version: 5.3.6
  resolution: "bootstrap@npm:5.3.6"
  peerDependencies:
    "@popperjs/core": ^2.11.8
  checksum: 10c0/1b3f8f4f265463b3cd6aece84135b521ff55f3225a5c16c6981fdd8fb2bfb53b35b0815bff63382e5c83f6d537c017ae8392afe34366d5d547e4fd507d086e1c
  languageName: node
  linkType: hard

"snughub@workspace:.":
  version: 0.0.0-use.local
  resolution: "snughub@workspace:."
  dependencies:
    bootstrap: "npm:^5.3.6"
  languageName: unknown
  linkType: soft
